{
  "version": 4,
  "terraform_version": "1.2.4",
  "serial": 14,
  "lineage": "d983f4de-2051-6908-0db2-e28439241580",
  "outputs": {
    "all-availability-domains-in-your-tenancy": {
      "value": [
        {
          "compartment_id": "ocid1.tenancy.oc1..aaaaaaaarhtkiptln32mcscuof36jv27eyqg3ul47upfv4unzwfdqxdov7ia",
          "id": "ocid1.availabilitydomain.oc1..aaaaaaaaiewapowmrwt3u3bwrtixouwohf6cvenkslrz7lnoes3f4ns4skha",
          "name": "MVKu:AP-SEOUL-1-AD-1"
        }
      ],
      "type": [
        "list",
        [
          "object",
          {
            "compartment_id": "string",
            "id": "string",
            "name": "string"
          }
        ]
      ]
    },
    "compartment-OCID": {
      "value": "ocid1.compartment.oc1..aaaaaaaa7o7tlp4h7yzqfkwdtfxxijrftinonyhwoattcfu5nxh7se2nwteq",
      "type": "string"
    },
    "compartment-name": {
      "value": "tf-sjsys-infrastructure",
      "type": "string"
    },
    "id-for-for-route-table-that-includes-the-nat-gateway": {
      "value": "ocid1.routetable.oc1.ap-seoul-1.aaaaaaaajolu6xw5aiird4rvkxn77bsw7ldf4spom4ijr4hkxa3bd7o6e5gq",
      "type": "string"
    },
    "id-for-route-table-that-includes-the-internet-gateway": {
      "value": "ocid1.routetable.oc1.ap-seoul-1.aaaaaaaarcnwekh6q2xc3jclyjlcwarpidmrcna3rm6u6vffvum6uv3jxkba",
      "type": "string"
    },
    "instance-OCID": {
      "value": "ocid1.instance.oc1.ap-seoul-1.anuwgljrv4ofb3ycciuestkkloihxcuw2576cqljqm53i2zh63t2cu3ybi3a",
      "type": "string"
    },
    "instance-OCPUs": {
      "value": 1,
      "type": "number"
    },
    "instance-memory-in-GBs": {
      "value": 1,
      "type": "number"
    },
    "instance-name": {
      "value": "wordpress01",
      "type": "string"
    },
    "instance-region": {
      "value": "ap-seoul-1",
      "type": "string"
    },
    "instance-shape": {
      "value": "VM.Standard.E2.1.Micro",
      "type": "string"
    },
    "instance-state": {
      "value": "RUNNING",
      "type": "string"
    },
    "name-of-first-availability-domain": {
      "value": "MVKu:AP-SEOUL-1-AD-1",
      "type": "string"
    },
    "nat-gateway-id": {
      "value": "ocid1.natgateway.oc1.ap-seoul-1.aaaaaaaaa2ch4sshcuhsdpgyqn7zkin3gtfonube5komvm7rzjrldmxmnslq",
      "type": "string"
    },
    "private-security-list-OCID": {
      "value": "ocid1.securitylist.oc1.ap-seoul-1.aaaaaaaaj7vz6oudn7wutpl5vsrb4qgtizd4hedivrywezfiszvbyruzxncq",
      "type": "string"
    },
    "private-security-list-name": {
      "value": "security-list-for-private-subnet",
      "type": "string"
    },
    "private-subnet-OCID": {
      "value": "ocid1.subnet.oc1.ap-seoul-1.aaaaaaaauhuhj4s2qx2wq6sed4ibi5wu6gbgp3v6tlyukodw2ojowwruwejq",
      "type": "string"
    },
    "private-subnet-name": {
      "value": "private-subnet",
      "type": "string"
    },
    "public-ip-for-compute-instance": {
      "value": "130.162.156.183",
      "type": "string"
    },
    "public-security-list-OCID": {
      "value": "ocid1.securitylist.oc1.ap-seoul-1.aaaaaaaageufkgccshbqazfenmgdpagbn676vm4i5kqoexta46m4jmkryd3q",
      "type": "string"
    },
    "public-security-list-name": {
      "value": "security-list-for-public-subnet",
      "type": "string"
    },
    "public-subnet-OCID": {
      "value": "ocid1.subnet.oc1.ap-seoul-1.aaaaaaaahdzjosbvlcp6x4miy6rewl5ygs75rngrw2ejikqx6idk3rjmeygq",
      "type": "string"
    },
    "public-subnet-name": {
      "value": "public-subnet",
      "type": "string"
    },
    "time-created": {
      "value": "2022-07-05 04:57:49.647 +0000 UTC",
      "type": "string"
    },
    "vcn_id": {
      "value": "ocid1.vcn.oc1.ap-seoul-1.amaaaaaav4ofb3ya4o6gzy4f5zxeu47rbon2773wh5wh47ctrkpiv7mg7cnq",
      "type": "string"
    }
  },
  "resources": [
    {
      "mode": "data",
      "type": "oci_identity_availability_domains",
      "name": "ads",
      "provider": "provider[\"registry.terraform.io/hashicorp/oci\"]",
      "instances": [
        {
          "schema_version": 0,
          "attributes": {
            "availability_domains": [
              {
                "compartment_id": "ocid1.tenancy.oc1..aaaaaaaarhtkiptln32mcscuof36jv27eyqg3ul47upfv4unzwfdqxdov7ia",
                "id": "ocid1.availabilitydomain.oc1..aaaaaaaaiewapowmrwt3u3bwrtixouwohf6cvenkslrz7lnoes3f4ns4skha",
                "name": "MVKu:AP-SEOUL-1-AD-1"
              }
            ],
            "compartment_id": "ocid1.tenancy.oc1..aaaaaaaarhtkiptln32mcscuof36jv27eyqg3ul47upfv4unzwfdqxdov7ia",
            "filter": null,
            "id": "IdentityAvailabilityDomainsDataSource-3644763859"
          },
          "sensitive_attributes": []
        }
      ]
    },
    {
      "mode": "managed",
      "type": "oci_core_instance",
      "name": "ubuntu_instance",
      "provider": "provider[\"registry.terraform.io/hashicorp/oci\"]",
      "instances": [
        {
          "schema_version": 0,
          "attributes": {
            "agent_config": [
              {
                "are_all_plugins_disabled": false,
                "is_management_disabled": false,
                "is_monitoring_disabled": false,
                "plugins_config": []
              }
            ],
            "async": null,
            "availability_config": [
              {
                "is_live_migration_preferred": false,
                "recovery_action": "RESTORE_INSTANCE"
              }
            ],
            "availability_domain": "MVKu:AP-SEOUL-1-AD-1",
            "boot_volume_id": "ocid1.bootvolume.oc1.ap-seoul-1.abuwgljrjvd6uwexkcl6nkvuazq7ak7lbo5wmpnix4a2dkpzgfjpawq4zjzq",
            "capacity_reservation_id": null,
            "compartment_id": "ocid1.compartment.oc1..aaaaaaaa7o7tlp4h7yzqfkwdtfxxijrftinonyhwoattcfu5nxh7se2nwteq",
            "create_vnic_details": [
              {
                "assign_private_dns_record": false,
                "assign_public_ip": "true",
                "defined_tags": {
                  "Oracle-Tags.CreatedBy": "oracleidentitycloudservice/joongwan.kim@gmail.com",
                  "Oracle-Tags.CreatedOn": "2022-07-05T04:57:49.301Z"
                },
                "display_name": "wordpress01",
                "freeform_tags": {},
                "hostname_label": "",
                "nsg_ids": null,
                "private_ip": "10.0.0.153",
                "skip_source_dest_check": false,
                "subnet_id": "ocid1.subnet.oc1.ap-seoul-1.aaaaaaaahdzjosbvlcp6x4miy6rewl5ygs75rngrw2ejikqx6idk3rjmeygq",
                "vlan_id": ""
              }
            ],
            "dedicated_vm_host_id": null,
            "defined_tags": {
              "Oracle-Tags.CreatedBy": "oracleidentitycloudservice/joongwan.kim@gmail.com",
              "Oracle-Tags.CreatedOn": "2022-07-05T04:57:49.170Z"
            },
            "display_name": "wordpress01",
            "extended_metadata": null,
            "fault_domain": "FAULT-DOMAIN-2",
            "freeform_tags": {},
            "hostname_label": "",
            "id": "ocid1.instance.oc1.ap-seoul-1.anuwgljrv4ofb3ycciuestkkloihxcuw2576cqljqm53i2zh63t2cu3ybi3a",
            "image": "ocid1.image.oc1.ap-seoul-1.aaaaaaaaksje2yhvklu4f6oxo6idwk4ivi3xotxqcgfnsebcfsg6umcpn3sq",
            "instance_options": [
              {
                "are_legacy_imds_endpoints_disabled": false
              }
            ],
            "ipxe_script": null,
            "is_pv_encryption_in_transit_enabled": null,
            "launch_mode": "PARAVIRTUALIZED",
            "launch_options": [
              {
                "boot_volume_type": "PARAVIRTUALIZED",
                "firmware": "UEFI_64",
                "is_consistent_volume_naming_enabled": true,
                "is_pv_encryption_in_transit_enabled": false,
                "network_type": "PARAVIRTUALIZED",
                "remote_data_volume_type": "PARAVIRTUALIZED"
              }
            ],
            "metadata": null,
            "platform_config": [],
            "preemptible_instance_config": [],
            "preserve_boot_volume": false,
            "private_ip": "10.0.0.153",
            "public_ip": "130.162.156.183",
            "region": "ap-seoul-1",
            "shape": "VM.Standard.E2.1.Micro",
            "shape_config": [
              {
                "baseline_ocpu_utilization": "",
                "gpu_description": "",
                "gpus": 0,
                "local_disk_description": "",
                "local_disks": 0,
                "local_disks_total_size_in_gbs": 0,
                "max_vnic_attachments": 1,
                "memory_in_gbs": 1,
                "networking_bandwidth_in_gbps": 0.47999998927116394,
                "nvmes": 0,
                "ocpus": 1,
                "processor_description": "2.0 GHz AMD EPYC™ 7551 (Naples)"
              }
            ],
            "source_details": [
              {
                "boot_volume_size_in_gbs": "47",
                "boot_volume_vpus_per_gb": "10",
                "kms_key_id": "",
                "source_id": "ocid1.image.oc1.ap-seoul-1.aaaaaaaaksje2yhvklu4f6oxo6idwk4ivi3xotxqcgfnsebcfsg6umcpn3sq",
                "source_type": "image"
              }
            ],
            "state": "RUNNING",
            "subnet_id": "ocid1.subnet.oc1.ap-seoul-1.aaaaaaaahdzjosbvlcp6x4miy6rewl5ygs75rngrw2ejikqx6idk3rjmeygq",
            "system_tags": {
              "orcl-cloud.free-tier-retained": "true"
            },
            "time_created": "2022-07-05 04:57:49.647 +0000 UTC",
            "time_maintenance_reboot_due": "",
            "timeouts": null
          },
          "sensitive_attributes": [],
          "private": "eyJlMmJmYjczMC1lY2FhLTExZTYtOGY4OC0zNDM2M2JjN2M0YzAiOnsiY3JlYXRlIjoyNzAwMDAwMDAwMDAwLCJkZWxldGUiOjQ1MDAwMDAwMDAwMDAsInVwZGF0ZSI6MjcwMDAwMDAwMDAwMH19",
          "dependencies": [
            "data.oci_identity_availability_domains.ads",
            "module.vcn.module.drg_from_vcn_module.oci_core_drg.drg",
            "module.vcn.oci_core_internet_gateway.ig",
            "module.vcn.oci_core_route_table.ig",
            "module.vcn.oci_core_vcn.vcn",
            "oci_core_security_list.public-security-list",
            "oci_core_subnet.vcn-public-subnet",
            "oci_identity_compartment.tf-compartment"
          ]
        }
      ]
    },
    {
      "mode": "managed",
      "type": "oci_core_security_list",
      "name": "private-security-list",
      "provider": "provider[\"registry.terraform.io/hashicorp/oci\"]",
      "instances": [
        {
          "schema_version": 0,
          "attributes": {
            "compartment_id": "ocid1.compartment.oc1..aaaaaaaa7o7tlp4h7yzqfkwdtfxxijrftinonyhwoattcfu5nxh7se2nwteq",
            "defined_tags": {
              "Oracle-Tags.CreatedBy": "oracleidentitycloudservice/joongwan.kim@gmail.com",
              "Oracle-Tags.CreatedOn": "2022-07-05T04:57:46.580Z"
            },
            "display_name": "security-list-for-private-subnet",
            "egress_security_rules": [
              {
                "description": "",
                "destination": "0.0.0.0/0",
                "destination_type": "CIDR_BLOCK",
                "icmp_options": [],
                "protocol": "all",
                "stateless": false,
                "tcp_options": [],
                "udp_options": []
              }
            ],
            "freeform_tags": {},
            "id": "ocid1.securitylist.oc1.ap-seoul-1.aaaaaaaaj7vz6oudn7wutpl5vsrb4qgtizd4hedivrywezfiszvbyruzxncq",
            "ingress_security_rules": [
              {
                "description": "",
                "icmp_options": [
                  {
                    "code": -1,
                    "type": 3
                  }
                ],
                "protocol": "1",
                "source": "10.0.0.0/16",
                "source_type": "CIDR_BLOCK",
                "stateless": false,
                "tcp_options": [],
                "udp_options": []
              },
              {
                "description": "",
                "icmp_options": [
                  {
                    "code": 4,
                    "type": 3
                  }
                ],
                "protocol": "1",
                "source": "0.0.0.0/0",
                "source_type": "CIDR_BLOCK",
                "stateless": false,
                "tcp_options": [],
                "udp_options": []
              },
              {
                "description": "",
                "icmp_options": [],
                "protocol": "6",
                "source": "10.0.0.0/16",
                "source_type": "CIDR_BLOCK",
                "stateless": false,
                "tcp_options": [
                  {
                    "max": 22,
                    "min": 22,
                    "source_port_range": []
                  }
                ],
                "udp_options": []
              }
            ],
            "state": "AVAILABLE",
            "time_created": "2022-07-05 04:57:46.614 +0000 UTC",
            "timeouts": null,
            "vcn_id": "ocid1.vcn.oc1.ap-seoul-1.amaaaaaav4ofb3ya4o6gzy4f5zxeu47rbon2773wh5wh47ctrkpiv7mg7cnq"
          },
          "sensitive_attributes": [],
          "private": "eyJlMmJmYjczMC1lY2FhLTExZTYtOGY4OC0zNDM2M2JjN2M0YzAiOnsiY3JlYXRlIjoxMjAwMDAwMDAwMDAwLCJkZWxldGUiOjEyMDAwMDAwMDAwMDAsInVwZGF0ZSI6MTIwMDAwMDAwMDAwMH19",
          "dependencies": [
            "module.vcn.oci_core_vcn.vcn",
            "oci_identity_compartment.tf-compartment"
          ]
        }
      ]
    },
    {
      "mode": "managed",
      "type": "oci_core_security_list",
      "name": "public-security-list",
      "provider": "provider[\"registry.terraform.io/hashicorp/oci\"]",
      "instances": [
        {
          "schema_version": 0,
          "attributes": {
            "compartment_id": "ocid1.compartment.oc1..aaaaaaaa7o7tlp4h7yzqfkwdtfxxijrftinonyhwoattcfu5nxh7se2nwteq",
            "defined_tags": {
              "Oracle-Tags.CreatedBy": "oracleidentitycloudservice/joongwan.kim@gmail.com",
              "Oracle-Tags.CreatedOn": "2022-07-05T04:57:46.348Z"
            },
            "display_name": "security-list-for-public-subnet",
            "egress_security_rules": [
              {
                "description": "",
                "destination": "0.0.0.0/0",
                "destination_type": "CIDR_BLOCK",
                "icmp_options": [],
                "protocol": "all",
                "stateless": false,
                "tcp_options": [],
                "udp_options": []
              }
            ],
            "freeform_tags": {},
            "id": "ocid1.securitylist.oc1.ap-seoul-1.aaaaaaaageufkgccshbqazfenmgdpagbn676vm4i5kqoexta46m4jmkryd3q",
            "ingress_security_rules": [
              {
                "description": "",
                "icmp_options": [
                  {
                    "code": -1,
                    "type": 3
                  }
                ],
                "protocol": "1",
                "source": "10.0.0.0/16",
                "source_type": "CIDR_BLOCK",
                "stateless": false,
                "tcp_options": [],
                "udp_options": []
              },
              {
                "description": "",
                "icmp_options": [
                  {
                    "code": 4,
                    "type": 3
                  }
                ],
                "protocol": "1",
                "source": "0.0.0.0/0",
                "source_type": "CIDR_BLOCK",
                "stateless": false,
                "tcp_options": [],
                "udp_options": []
              },
              {
                "description": "",
                "icmp_options": [],
                "protocol": "6",
                "source": "0.0.0.0/0",
                "source_type": "CIDR_BLOCK",
                "stateless": false,
                "tcp_options": [
                  {
                    "max": 22,
                    "min": 22,
                    "source_port_range": []
                  }
                ],
                "udp_options": []
              },
              {
                "description": "",
                "icmp_options": [],
                "protocol": "6",
                "source": "0.0.0.0/0",
                "source_type": "CIDR_BLOCK",
                "stateless": false,
                "tcp_options": [
                  {
                    "max": 443,
                    "min": 443,
                    "source_port_range": []
                  }
                ],
                "udp_options": []
              },
              {
                "description": "",
                "icmp_options": [],
                "protocol": "6",
                "source": "0.0.0.0/0",
                "source_type": "CIDR_BLOCK",
                "stateless": false,
                "tcp_options": [
                  {
                    "max": 80,
                    "min": 80,
                    "source_port_range": []
                  }
                ],
                "udp_options": []
              }
            ],
            "state": "AVAILABLE",
            "time_created": "2022-07-05 04:57:46.376 +0000 UTC",
            "timeouts": null,
            "vcn_id": "ocid1.vcn.oc1.ap-seoul-1.amaaaaaav4ofb3ya4o6gzy4f5zxeu47rbon2773wh5wh47ctrkpiv7mg7cnq"
          },
          "sensitive_attributes": [],
          "private": "eyJlMmJmYjczMC1lY2FhLTExZTYtOGY4OC0zNDM2M2JjN2M0YzAiOnsiY3JlYXRlIjoxMjAwMDAwMDAwMDAwLCJkZWxldGUiOjEyMDAwMDAwMDAwMDAsInVwZGF0ZSI6MTIwMDAwMDAwMDAwMH19",
          "dependencies": [
            "module.vcn.oci_core_vcn.vcn",
            "oci_identity_compartment.tf-compartment"
          ]
        }
      ]
    },
    {
      "mode": "managed",
      "type": "oci_core_subnet",
      "name": "vcn-private-subnet",
      "provider": "provider[\"registry.terraform.io/hashicorp/oci\"]",
      "instances": [
        {
          "schema_version": 0,
          "attributes": {
            "availability_domain": null,
            "cidr_block": "10.0.1.0/24",
            "compartment_id": "ocid1.compartment.oc1..aaaaaaaa7o7tlp4h7yzqfkwdtfxxijrftinonyhwoattcfu5nxh7se2nwteq",
            "defined_tags": {
              "Oracle-Tags.CreatedBy": "oracleidentitycloudservice/joongwan.kim@gmail.com",
              "Oracle-Tags.CreatedOn": "2022-07-05T04:57:47.387Z"
            },
            "dhcp_options_id": "ocid1.dhcpoptions.oc1.ap-seoul-1.aaaaaaaax5quc4hsliahhpxxbmldt3sfvyzadk32nh7emrcosgaqlh4bokwq",
            "display_name": "private-subnet",
            "dns_label": null,
            "freeform_tags": {},
            "id": "ocid1.subnet.oc1.ap-seoul-1.aaaaaaaauhuhj4s2qx2wq6sed4ibi5wu6gbgp3v6tlyukodw2ojowwruwejq",
            "ipv6cidr_block": null,
            "ipv6cidr_blocks": [],
            "ipv6virtual_router_ip": null,
            "prohibit_internet_ingress": false,
            "prohibit_public_ip_on_vnic": false,
            "route_table_id": "ocid1.routetable.oc1.ap-seoul-1.aaaaaaaajolu6xw5aiird4rvkxn77bsw7ldf4spom4ijr4hkxa3bd7o6e5gq",
            "security_list_ids": [
              "ocid1.securitylist.oc1.ap-seoul-1.aaaaaaaaj7vz6oudn7wutpl5vsrb4qgtizd4hedivrywezfiszvbyruzxncq"
            ],
            "state": "AVAILABLE",
            "subnet_domain_name": null,
            "time_created": "2022-07-05 04:57:48.531 +0000 UTC",
            "timeouts": null,
            "vcn_id": "ocid1.vcn.oc1.ap-seoul-1.amaaaaaav4ofb3ya4o6gzy4f5zxeu47rbon2773wh5wh47ctrkpiv7mg7cnq",
            "virtual_router_ip": "10.0.1.1",
            "virtual_router_mac": "00:00:17:FC:8F:C8"
          },
          "sensitive_attributes": [],
          "private": "eyJlMmJmYjczMC1lY2FhLTExZTYtOGY4OC0zNDM2M2JjN2M0YzAiOnsiY3JlYXRlIjoxMjAwMDAwMDAwMDAwLCJkZWxldGUiOjEyMDAwMDAwMDAwMDAsInVwZGF0ZSI6MTIwMDAwMDAwMDAwMH19",
          "dependencies": [
            "module.vcn.data.oci_core_services.all_oci_services",
            "module.vcn.module.drg_from_vcn_module.oci_core_drg.drg",
            "module.vcn.oci_core_nat_gateway.nat_gateway",
            "module.vcn.oci_core_route_table.nat",
            "module.vcn.oci_core_service_gateway.service_gateway",
            "module.vcn.oci_core_vcn.vcn",
            "oci_core_security_list.private-security-list",
            "oci_identity_compartment.tf-compartment"
          ]
        }
      ]
    },
    {
      "mode": "managed",
      "type": "oci_core_subnet",
      "name": "vcn-public-subnet",
      "provider": "provider[\"registry.terraform.io/hashicorp/oci\"]",
      "instances": [
        {
          "schema_version": 0,
          "attributes": {
            "availability_domain": null,
            "cidr_block": "10.0.0.0/24",
            "compartment_id": "ocid1.compartment.oc1..aaaaaaaa7o7tlp4h7yzqfkwdtfxxijrftinonyhwoattcfu5nxh7se2nwteq",
            "defined_tags": {
              "Oracle-Tags.CreatedBy": "oracleidentitycloudservice/joongwan.kim@gmail.com",
              "Oracle-Tags.CreatedOn": "2022-07-05T04:57:47.387Z"
            },
            "dhcp_options_id": "ocid1.dhcpoptions.oc1.ap-seoul-1.aaaaaaaax5quc4hsliahhpxxbmldt3sfvyzadk32nh7emrcosgaqlh4bokwq",
            "display_name": "public-subnet",
            "dns_label": null,
            "freeform_tags": {},
            "id": "ocid1.subnet.oc1.ap-seoul-1.aaaaaaaahdzjosbvlcp6x4miy6rewl5ygs75rngrw2ejikqx6idk3rjmeygq",
            "ipv6cidr_block": null,
            "ipv6cidr_blocks": [],
            "ipv6virtual_router_ip": null,
            "prohibit_internet_ingress": false,
            "prohibit_public_ip_on_vnic": false,
            "route_table_id": "ocid1.routetable.oc1.ap-seoul-1.aaaaaaaarcnwekh6q2xc3jclyjlcwarpidmrcna3rm6u6vffvum6uv3jxkba",
            "security_list_ids": [
              "ocid1.securitylist.oc1.ap-seoul-1.aaaaaaaageufkgccshbqazfenmgdpagbn676vm4i5kqoexta46m4jmkryd3q"
            ],
            "state": "AVAILABLE",
            "subnet_domain_name": null,
            "time_created": "2022-07-05 04:57:47.428 +0000 UTC",
            "timeouts": null,
            "vcn_id": "ocid1.vcn.oc1.ap-seoul-1.amaaaaaav4ofb3ya4o6gzy4f5zxeu47rbon2773wh5wh47ctrkpiv7mg7cnq",
            "virtual_router_ip": "10.0.0.1",
            "virtual_router_mac": "00:00:17:FC:8F:C8"
          },
          "sensitive_attributes": [],
          "private": "eyJlMmJmYjczMC1lY2FhLTExZTYtOGY4OC0zNDM2M2JjN2M0YzAiOnsiY3JlYXRlIjoxMjAwMDAwMDAwMDAwLCJkZWxldGUiOjEyMDAwMDAwMDAwMDAsInVwZGF0ZSI6MTIwMDAwMDAwMDAwMH19",
          "dependencies": [
            "module.vcn.module.drg_from_vcn_module.oci_core_drg.drg",
            "module.vcn.oci_core_internet_gateway.ig",
            "module.vcn.oci_core_route_table.ig",
            "module.vcn.oci_core_vcn.vcn",
            "oci_core_security_list.public-security-list",
            "oci_identity_compartment.tf-compartment"
          ]
        }
      ]
    },
    {
      "mode": "managed",
      "type": "oci_identity_compartment",
      "name": "tf-compartment",
      "provider": "provider[\"registry.terraform.io/hashicorp/oci\"]",
      "instances": [
        {
          "schema_version": 0,
          "attributes": {
            "compartment_id": "ocid1.tenancy.oc1..aaaaaaaarhtkiptln32mcscuof36jv27eyqg3ul47upfv4unzwfdqxdov7ia",
            "defined_tags": {
              "Oracle-Tags.CreatedBy": "oracleidentitycloudservice/joongwan.kim@gmail.com",
              "Oracle-Tags.CreatedOn": "2022-07-05T01:44:55.402Z"
            },
            "description": "Compartment for Terraform resources.",
            "enable_delete": null,
            "freeform_tags": {},
            "id": "ocid1.compartment.oc1..aaaaaaaa7o7tlp4h7yzqfkwdtfxxijrftinonyhwoattcfu5nxh7se2nwteq",
            "inactive_state": null,
            "is_accessible": true,
            "name": "tf-sjsys-infrastructure",
            "state": "ACTIVE",
            "time_created": "2022-07-05 01:44:55.474 +0000 UTC",
            "timeouts": null
          },
          "sensitive_attributes": [],
          "private": "eyJlMmJmYjczMC1lY2FhLTExZTYtOGY4OC0zNDM2M2JjN2M0YzAiOnsiZGVsZXRlIjo1NDAwMDAwMDAwMDAwfX0="
        }
      ]
    },
    {
      "module": "module.vcn",
      "mode": "data",
      "type": "oci_core_services",
      "name": "all_oci_services",
      "provider": "provider[\"registry.terraform.io/hashicorp/oci\"]",
      "instances": [
        {
          "index_key": 0,
          "schema_version": 0,
          "attributes": {
            "filter": [
              {
                "name": "name",
                "regex": true,
                "values": [
                  "All .* Services In Oracle Services Network"
                ]
              }
            ],
            "id": "CoreServicesDataSource-0",
            "services": [
              {
                "cidr_block": "all-icn-services-in-oracle-services-network",
                "description": "All ICN Services In Oracle Services Network",
                "id": "ocid1.service.oc1.ap-seoul-1.aaaaaaaajqph4epgmyaodyehthzt6egwhujh62xp3mpdebiflu6nhaogfazq",
                "name": "All ICN Services In Oracle Services Network"
              }
            ]
          },
          "sensitive_attributes": []
        }
      ]
    },
    {
      "module": "module.vcn",
      "mode": "managed",
      "type": "oci_core_default_security_list",
      "name": "lockdown",
      "provider": "provider[\"registry.terraform.io/hashicorp/oci\"]",
      "instances": [
        {
          "index_key": 0,
          "schema_version": 0,
          "attributes": {
            "compartment_id": "ocid1.compartment.oc1..aaaaaaaa7o7tlp4h7yzqfkwdtfxxijrftinonyhwoattcfu5nxh7se2nwteq",
            "defined_tags": {
              "Oracle-Tags.CreatedBy": "oracleidentitycloudservice/joongwan.kim@gmail.com",
              "Oracle-Tags.CreatedOn": "2022-07-05T04:57:45.594Z"
            },
            "display_name": "Default Security List for vcn-module",
            "egress_security_rules": [],
            "freeform_tags": {
              "module": "oracle-terraform-modules/vcn/oci",
              "terraformed": "Please do not edit manually"
            },
            "id": "ocid1.securitylist.oc1.ap-seoul-1.aaaaaaaax3uyoimlpparap3kbtsmquaidb5kuob4dryuhy7gdlj3bpw7vina",
            "ingress_security_rules": [],
            "manage_default_resource_id": "ocid1.securitylist.oc1.ap-seoul-1.aaaaaaaax3uyoimlpparap3kbtsmquaidb5kuob4dryuhy7gdlj3bpw7vina",
            "state": "AVAILABLE",
            "time_created": "2022-07-05 04:57:45.691 +0000 UTC",
            "timeouts": null
          },
          "sensitive_attributes": [],
          "private": "eyJlMmJmYjczMC1lY2FhLTExZTYtOGY4OC0zNDM2M2JjN2M0YzAiOnsiY3JlYXRlIjoxMjAwMDAwMDAwMDAwLCJkZWxldGUiOjEyMDAwMDAwMDAwMDAsInVwZGF0ZSI6MTIwMDAwMDAwMDAwMH19",
          "dependencies": [
            "module.vcn.oci_core_vcn.vcn",
            "oci_identity_compartment.tf-compartment"
          ]
        }
      ]
    },
    {
      "module": "module.vcn",
      "mode": "managed",
      "type": "oci_core_internet_gateway",
      "name": "ig",
      "provider": "provider[\"registry.terraform.io/hashicorp/oci\"]",
      "instances": [
        {
          "index_key": 0,
          "schema_version": 0,
          "attributes": {
            "compartment_id": "ocid1.compartment.oc1..aaaaaaaa7o7tlp4h7yzqfkwdtfxxijrftinonyhwoattcfu5nxh7se2nwteq",
            "defined_tags": {
              "Oracle-Tags.CreatedBy": "oracleidentitycloudservice/joongwan.kim@gmail.com",
              "Oracle-Tags.CreatedOn": "2022-07-05T04:57:46.292Z"
            },
            "display_name": "internet-gateway",
            "enabled": true,
            "freeform_tags": {
              "module": "oracle-terraform-modules/vcn/oci",
              "terraformed": "Please do not edit manually"
            },
            "id": "ocid1.internetgateway.oc1.ap-seoul-1.aaaaaaaak6m7jlqut4s6krl5rmdewdi3guwkrk5jffsytcqmb5kf47l27tha",
            "state": "AVAILABLE",
            "time_created": "2022-07-05 04:57:46.335 +0000 UTC",
            "timeouts": null,
            "vcn_id": "ocid1.vcn.oc1.ap-seoul-1.amaaaaaav4ofb3ya4o6gzy4f5zxeu47rbon2773wh5wh47ctrkpiv7mg7cnq"
          },
          "sensitive_attributes": [],
          "private": "eyJlMmJmYjczMC1lY2FhLTExZTYtOGY4OC0zNDM2M2JjN2M0YzAiOnsiY3JlYXRlIjoxMjAwMDAwMDAwMDAwLCJkZWxldGUiOjEyMDAwMDAwMDAwMDAsInVwZGF0ZSI6MTIwMDAwMDAwMDAwMH19",
          "dependencies": [
            "module.vcn.oci_core_vcn.vcn",
            "oci_identity_compartment.tf-compartment"
          ]
        }
      ]
    },
    {
      "module": "module.vcn",
      "mode": "managed",
      "type": "oci_core_nat_gateway",
      "name": "nat_gateway",
      "provider": "provider[\"registry.terraform.io/hashicorp/oci\"]",
      "instances": [
        {
          "index_key": 0,
          "schema_version": 0,
          "attributes": {
            "block_traffic": false,
            "compartment_id": "ocid1.compartment.oc1..aaaaaaaa7o7tlp4h7yzqfkwdtfxxijrftinonyhwoattcfu5nxh7se2nwteq",
            "defined_tags": {
              "Oracle-Tags.CreatedBy": "oracleidentitycloudservice/joongwan.kim@gmail.com",
              "Oracle-Tags.CreatedOn": "2022-07-05T04:57:46.220Z"
            },
            "display_name": "nat-gateway",
            "freeform_tags": {
              "module": "oracle-terraform-modules/vcn/oci",
              "terraformed": "Please do not edit manually"
            },
            "id": "ocid1.natgateway.oc1.ap-seoul-1.aaaaaaaaa2ch4sshcuhsdpgyqn7zkin3gtfonube5komvm7rzjrldmxmnslq",
            "nat_ip": "152.70.90.233",
            "public_ip_id": "ocid1.publicip.oc1.ap-seoul-1.aaaaaaaax5zrvalgki5z3hom6yp3rjmkmyupvprppdhmuewmdi4lmtov3pmq",
            "state": "AVAILABLE",
            "time_created": "2022-07-05 04:57:46.503 +0000 UTC",
            "timeouts": null,
            "vcn_id": "ocid1.vcn.oc1.ap-seoul-1.amaaaaaav4ofb3ya4o6gzy4f5zxeu47rbon2773wh5wh47ctrkpiv7mg7cnq"
          },
          "sensitive_attributes": [],
          "private": "eyJlMmJmYjczMC1lY2FhLTExZTYtOGY4OC0zNDM2M2JjN2M0YzAiOnsiY3JlYXRlIjoxMjAwMDAwMDAwMDAwLCJkZWxldGUiOjEyMDAwMDAwMDAwMDAsInVwZGF0ZSI6MTIwMDAwMDAwMDAwMH19",
          "dependencies": [
            "module.vcn.oci_core_vcn.vcn",
            "oci_identity_compartment.tf-compartment"
          ]
        }
      ]
    },
    {
      "module": "module.vcn",
      "mode": "managed",
      "type": "oci_core_route_table",
      "name": "ig",
      "provider": "provider[\"registry.terraform.io/hashicorp/oci\"]",
      "instances": [
        {
          "index_key": 0,
          "schema_version": 0,
          "attributes": {
            "compartment_id": "ocid1.compartment.oc1..aaaaaaaa7o7tlp4h7yzqfkwdtfxxijrftinonyhwoattcfu5nxh7se2nwteq",
            "defined_tags": {
              "Oracle-Tags.CreatedBy": "oracleidentitycloudservice/joongwan.kim@gmail.com",
              "Oracle-Tags.CreatedOn": "2022-07-05T04:57:46.960Z"
            },
            "display_name": "internet-route",
            "freeform_tags": {
              "module": "oracle-terraform-modules/vcn/oci",
              "terraformed": "Please do not edit manually"
            },
            "id": "ocid1.routetable.oc1.ap-seoul-1.aaaaaaaarcnwekh6q2xc3jclyjlcwarpidmrcna3rm6u6vffvum6uv3jxkba",
            "route_rules": [
              {
                "cidr_block": "",
                "description": "Terraformed - Auto-generated at Internet Gateway creation: Internet Gateway as default gateway",
                "destination": "0.0.0.0/0",
                "destination_type": "CIDR_BLOCK",
                "network_entity_id": "ocid1.internetgateway.oc1.ap-seoul-1.aaaaaaaak6m7jlqut4s6krl5rmdewdi3guwkrk5jffsytcqmb5kf47l27tha"
              }
            ],
            "state": "AVAILABLE",
            "time_created": "2022-07-05 04:57:46.98 +0000 UTC",
            "timeouts": null,
            "vcn_id": "ocid1.vcn.oc1.ap-seoul-1.amaaaaaav4ofb3ya4o6gzy4f5zxeu47rbon2773wh5wh47ctrkpiv7mg7cnq"
          },
          "sensitive_attributes": [],
          "private": "eyJlMmJmYjczMC1lY2FhLTExZTYtOGY4OC0zNDM2M2JjN2M0YzAiOnsiY3JlYXRlIjoxMjAwMDAwMDAwMDAwLCJkZWxldGUiOjEyMDAwMDAwMDAwMDAsInVwZGF0ZSI6MTIwMDAwMDAwMDAwMH19",
          "dependencies": [
            "module.vcn.module.drg_from_vcn_module.oci_core_drg.drg",
            "module.vcn.oci_core_internet_gateway.ig",
            "module.vcn.oci_core_vcn.vcn",
            "oci_identity_compartment.tf-compartment"
          ]
        }
      ]
    },
    {
      "module": "module.vcn",
      "mode": "managed",
      "type": "oci_core_route_table",
      "name": "nat",
      "provider": "provider[\"registry.terraform.io/hashicorp/oci\"]",
      "instances": [
        {
          "index_key": 0,
          "schema_version": 0,
          "attributes": {
            "compartment_id": "ocid1.compartment.oc1..aaaaaaaa7o7tlp4h7yzqfkwdtfxxijrftinonyhwoattcfu5nxh7se2nwteq",
            "defined_tags": {
              "Oracle-Tags.CreatedBy": "oracleidentitycloudservice/joongwan.kim@gmail.com",
              "Oracle-Tags.CreatedOn": "2022-07-05T04:57:48.024Z"
            },
            "display_name": "nat-route",
            "freeform_tags": {
              "module": "oracle-terraform-modules/vcn/oci",
              "terraformed": "Please do not edit manually"
            },
            "id": "ocid1.routetable.oc1.ap-seoul-1.aaaaaaaajolu6xw5aiird4rvkxn77bsw7ldf4spom4ijr4hkxa3bd7o6e5gq",
            "route_rules": [
              {
                "cidr_block": "",
                "description": "Terraformed - Auto-generated at NAT Gateway creation: NAT Gateway as default gateway",
                "destination": "0.0.0.0/0",
                "destination_type": "CIDR_BLOCK",
                "network_entity_id": "ocid1.natgateway.oc1.ap-seoul-1.aaaaaaaaa2ch4sshcuhsdpgyqn7zkin3gtfonube5komvm7rzjrldmxmnslq"
              },
              {
                "cidr_block": "",
                "description": "Terraformed - Auto-generated at Service Gateway creation: All Services in region to Service Gateway",
                "destination": "all-icn-services-in-oracle-services-network",
                "destination_type": "SERVICE_CIDR_BLOCK",
                "network_entity_id": "ocid1.servicegateway.oc1.ap-seoul-1.aaaaaaaavb5gcal3wu4evnnmwigga7vonixn3jqskhlunack2venua6u3usa"
              }
            ],
            "state": "AVAILABLE",
            "time_created": "2022-07-05 04:57:48.07 +0000 UTC",
            "timeouts": null,
            "vcn_id": "ocid1.vcn.oc1.ap-seoul-1.amaaaaaav4ofb3ya4o6gzy4f5zxeu47rbon2773wh5wh47ctrkpiv7mg7cnq"
          },
          "sensitive_attributes": [],
          "private": "eyJlMmJmYjczMC1lY2FhLTExZTYtOGY4OC0zNDM2M2JjN2M0YzAiOnsiY3JlYXRlIjoxMjAwMDAwMDAwMDAwLCJkZWxldGUiOjEyMDAwMDAwMDAwMDAsInVwZGF0ZSI6MTIwMDAwMDAwMDAwMH19",
          "dependencies": [
            "module.vcn.data.oci_core_services.all_oci_services",
            "module.vcn.module.drg_from_vcn_module.oci_core_drg.drg",
            "module.vcn.oci_core_nat_gateway.nat_gateway",
            "module.vcn.oci_core_service_gateway.service_gateway",
            "module.vcn.oci_core_vcn.vcn",
            "oci_identity_compartment.tf-compartment"
          ]
        }
      ]
    },
    {
      "module": "module.vcn",
      "mode": "managed",
      "type": "oci_core_service_gateway",
      "name": "service_gateway",
      "provider": "provider[\"registry.terraform.io/hashicorp/oci\"]",
      "instances": [
        {
          "index_key": 0,
          "schema_version": 0,
          "attributes": {
            "block_traffic": false,
            "compartment_id": "ocid1.compartment.oc1..aaaaaaaa7o7tlp4h7yzqfkwdtfxxijrftinonyhwoattcfu5nxh7se2nwteq",
            "defined_tags": {
              "Oracle-Tags.CreatedBy": "oracleidentitycloudservice/joongwan.kim@gmail.com",
              "Oracle-Tags.CreatedOn": "2022-07-05T04:57:46.282Z"
            },
            "display_name": "service-gateway",
            "freeform_tags": {
              "module": "oracle-terraform-modules/vcn/oci",
              "terraformed": "Please do not edit manually"
            },
            "id": "ocid1.servicegateway.oc1.ap-seoul-1.aaaaaaaavb5gcal3wu4evnnmwigga7vonixn3jqskhlunack2venua6u3usa",
            "route_table_id": null,
            "services": [
              {
                "service_id": "ocid1.service.oc1.ap-seoul-1.aaaaaaaajqph4epgmyaodyehthzt6egwhujh62xp3mpdebiflu6nhaogfazq",
                "service_name": "All ICN Services In Oracle Services Network"
              }
            ],
            "state": "AVAILABLE",
            "time_created": "2022-07-05 04:57:47.221 +0000 UTC",
            "timeouts": null,
            "vcn_id": "ocid1.vcn.oc1.ap-seoul-1.amaaaaaav4ofb3ya4o6gzy4f5zxeu47rbon2773wh5wh47ctrkpiv7mg7cnq"
          },
          "sensitive_attributes": [],
          "private": "eyJlMmJmYjczMC1lY2FhLTExZTYtOGY4OC0zNDM2M2JjN2M0YzAiOnsiY3JlYXRlIjoxMjAwMDAwMDAwMDAwLCJkZWxldGUiOjEyMDAwMDAwMDAwMDAsInVwZGF0ZSI6MTIwMDAwMDAwMDAwMH19",
          "dependencies": [
            "module.vcn.data.oci_core_services.all_oci_services",
            "module.vcn.oci_core_vcn.vcn",
            "oci_identity_compartment.tf-compartment"
          ]
        }
      ]
    },
    {
      "module": "module.vcn",
      "mode": "managed",
      "type": "oci_core_vcn",
      "name": "vcn",
      "provider": "provider[\"registry.terraform.io/hashicorp/oci\"]",
      "instances": [
        {
          "schema_version": 0,
          "attributes": {
            "byoipv6cidr_blocks": [],
            "byoipv6cidr_details": null,
            "cidr_block": "10.0.0.0/16",
            "cidr_blocks": [
              "10.0.0.0/16"
            ],
            "compartment_id": "ocid1.compartment.oc1..aaaaaaaa7o7tlp4h7yzqfkwdtfxxijrftinonyhwoattcfu5nxh7se2nwteq",
            "default_dhcp_options_id": "ocid1.dhcpoptions.oc1.ap-seoul-1.aaaaaaaax5quc4hsliahhpxxbmldt3sfvyzadk32nh7emrcosgaqlh4bokwq",
            "default_route_table_id": "ocid1.routetable.oc1.ap-seoul-1.aaaaaaaatawxrqbn4qxn3w5qxlbtmgxihrsbeodpo2p4nw67pm5c7zsvwrra",
            "default_security_list_id": "ocid1.securitylist.oc1.ap-seoul-1.aaaaaaaax3uyoimlpparap3kbtsmquaidb5kuob4dryuhy7gdlj3bpw7vina",
            "defined_tags": {
              "Oracle-Tags.CreatedBy": "oracleidentitycloudservice/joongwan.kim@gmail.com",
              "Oracle-Tags.CreatedOn": "2022-07-05T04:57:45.594Z"
            },
            "display_name": "vcn-module",
            "dns_label": "vcnmodule",
            "freeform_tags": {
              "module": "oracle-terraform-modules/vcn/oci",
              "terraformed": "Please do not edit manually"
            },
            "id": "ocid1.vcn.oc1.ap-seoul-1.amaaaaaav4ofb3ya4o6gzy4f5zxeu47rbon2773wh5wh47ctrkpiv7mg7cnq",
            "ipv6cidr_blocks": [],
            "ipv6private_cidr_blocks": [],
            "is_ipv6enabled": false,
            "is_oracle_gua_allocation_enabled": null,
            "state": "AVAILABLE",
            "time_created": "2022-07-05 04:57:45.691 +0000 UTC",
            "timeouts": null,
            "vcn_domain_name": "vcnmodule.oraclevcn.com"
          },
          "sensitive_attributes": [],
          "private": "eyJlMmJmYjczMC1lY2FhLTExZTYtOGY4OC0zNDM2M2JjN2M0YzAiOnsiY3JlYXRlIjoxMjAwMDAwMDAwMDAwLCJkZWxldGUiOjEyMDAwMDAwMDAwMDAsInVwZGF0ZSI6MTIwMDAwMDAwMDAwMH19",
          "dependencies": [
            "oci_identity_compartment.tf-compartment"
          ]
        }
      ]
    }
  ]
}
